
Microsoft Visual Studio Solution File, Format Version 12.00
# Visual Studio Version 17
VisualStudioVersion = 17.11.35303.130
MinimumVisualStudioVersion = 10.0.40219.1
Project("{8BC9CEB8-8B4A-11D0-8D11-00A0C91BC942}") = "lab_4.4", "lab_4.4\lab_4.4.vcxproj", "{E45ACE19-6C9A-4A30-99BE-D97E0E55E319}"
EndProject
Global
	GlobalSection(SolutionConfigurationPlatforms) = preSolution
		Debug|x64 = Debug|x64
		Debug|x86 = Debug|x86
		Release|x64 = Release|x64
		Release|x86 = Release|x86
	EndGlobalSection
	GlobalSection(ProjectConfigurationPlatforms) = postSolution
		{E45ACE19-6C9A-4A30-99BE-D97E0E55E319}.Debug|x64.ActiveCfg = Debug|x64
		{E45ACE19-6C9A-4A30-99BE-D97E0E55E319}.Debug|x64.Build.0 = Debug|x64
		{E45ACE19-6C9A-4A30-99BE-D97E0E55E319}.Debug|x86.ActiveCfg = Debug|Win32
		{E45ACE19-6C9A-4A30-99BE-D97E0E55E319}.Debug|x86.Build.0 = Debug|Win32
		{E45ACE19-6C9A-4A30-99BE-D97E0E55E319}.Release|x64.ActiveCfg = Release|x64
		{E45ACE19-6C9A-4A30-99BE-D97E0E55E319}.Release|x64.Build.0 = Release|x64
		{E45ACE19-6C9A-4A30-99BE-D97E0E55E319}.Release|x86.ActiveCfg = Release|Win32
		{E45ACE19-6C9A-4A30-99BE-D97E0E55E319}.Release|x86.Build.0 = Release|Win32
	EndGlobalSection
	GlobalSection(SolutionProperties) = preSolution
		HideSolutionNode = FALSE
	EndGlobalSection
	GlobalSection(ExtensibilityGlobals) = postSolution
		SolutionGuid = {7336E75E-B271-4376-9B93-1D23A77CB00A}
	EndGlobalSection
EndGlobal
